// !$*UTF8*$!
{
	archiveVersion = 1;
	classes = {
	};
	objectVersion = 46;
	objects = {

/* Begin PBXBuildFile section */
		E51E30A71CC079CE00B45B2E /* main.m in Sources */ = {isa = PBXBuildFile; fileRef = E51E30A61CC079CE00B45B2E /* main.m */; };
		E51E30AA1CC079CE00B45B2E /* AppDelegate.m in Sources */ = {isa = PBXBuildFile; fileRef = E51E30A91CC079CE00B45B2E /* AppDelegate.m */; };
		E51E30AD1CC079CE00B45B2E /* ViewController.m in Sources */ = {isa = PBXBuildFile; fileRef = E51E30AC1CC079CE00B45B2E /* ViewController.m */; };
		E51E30B21CC079CE00B45B2E /* Assets.xcassets in Resources */ = {isa = PBXBuildFile; fileRef = E51E30B11CC079CE00B45B2E /* Assets.xcassets */; };
		E51E30B51CC079CE00B45B2E /* LaunchScreen.storyboard in Resources */ = {isa = PBXBuildFile; fileRef = E51E30B31CC079CE00B45B2E /* LaunchScreen.storyboard */; };
		E51E30C01CC079CE00B45B2E /* xlinkDemo_ocTests.m in Sources */ = {isa = PBXBuildFile; fileRef = E51E30BF1CC079CE00B45B2E /* xlinkDemo_ocTests.m */; };
		E51E30CB1CC079CE00B45B2E /* xlinkDemo_ocUITests.m in Sources */ = {isa = PBXBuildFile; fileRef = E51E30CA1CC079CE00B45B2E /* xlinkDemo_ocUITests.m */; };
		E51E30EB1CC0993400B45B2E /* ScanDeviceViewController.m in Sources */ = {isa = PBXBuildFile; fileRef = E51E30EA1CC0993400B45B2E /* ScanDeviceViewController.m */; };
		E51E30ED1CC09B7000B45B2E /* Main.storyboard in Resources */ = {isa = PBXBuildFile; fileRef = E51E30EC1CC09B7000B45B2E /* Main.storyboard */; };
		E51E30F31CC0C40200B45B2E /* AboutViewController.m in Sources */ = {isa = PBXBuildFile; fileRef = E51E30F21CC0C40200B45B2E /* AboutViewController.m */; };
		E51E30F61CC0C4EE00B45B2E /* SendAndRecvPacketViewController.m in Sources */ = {isa = PBXBuildFile; fileRef = E51E30F51CC0C4EE00B45B2E /* SendAndRecvPacketViewController.m */; };
		E51E30FA1CC0C9F200B45B2E /* TextImageBarButtonItem.m in Sources */ = {isa = PBXBuildFile; fileRef = E51E30F91CC0C9F200B45B2E /* TextImageBarButtonItem.m */; };
		E51E30FD1CC0CAEE00B45B2E /* AddPacketViewController.m in Sources */ = {isa = PBXBuildFile; fileRef = E51E30FC1CC0CAEE00B45B2E /* AddPacketViewController.m */; };
		E51E31001CC0CC0800B45B2E /* PacketLog.m in Sources */ = {isa = PBXBuildFile; fileRef = E51E30FF1CC0CC0800B45B2E /* PacketLog.m */; };
		E51E31371CC0D6E600B45B2E /* AppIcon_29.png in Resources */ = {isa = PBXBuildFile; fileRef = E51E31021CC0D6E600B45B2E /* AppIcon_29.png */; };
		E51E31381CC0D6E600B45B2E /* AppIcon_29@2x.png in Resources */ = {isa = PBXBuildFile; fileRef = E51E31031CC0D6E600B45B2E /* AppIcon_29@2x.png */; };
		E51E31391CC0D6E600B45B2E /* AppIcon_29@3x.png in Resources */ = {isa = PBXBuildFile; fileRef = E51E31041CC0D6E600B45B2E /* AppIcon_29@3x.png */; };
		E51E313A1CC0D6E600B45B2E /* AppIcon_40.png in Resources */ = {isa = PBXBuildFile; fileRef = E51E31051CC0D6E600B45B2E /* AppIcon_40.png */; };
		E51E313B1CC0D6E600B45B2E /* AppIcon_40@2x.png in Resources */ = {isa = PBXBuildFile; fileRef = E51E31061CC0D6E600B45B2E /* AppIcon_40@2x.png */; };
		E51E313C1CC0D6E600B45B2E /* AppIcon_40@3x.png in Resources */ = {isa = PBXBuildFile; fileRef = E51E31071CC0D6E600B45B2E /* AppIcon_40@3x.png */; };
		E51E313D1CC0D6E600B45B2E /* AppIcon_60@2x.png in Resources */ = {isa = PBXBuildFile; fileRef = E51E31081CC0D6E600B45B2E /* AppIcon_60@2x.png */; };
		E51E313E1CC0D6E600B45B2E /* AppIcon_60@3x.png in Resources */ = {isa = PBXBuildFile; fileRef = E51E31091CC0D6E600B45B2E /* AppIcon_60@3x.png */; };
		E51E313F1CC0D6E600B45B2E /* AppIcon_76.png in Resources */ = {isa = PBXBuildFile; fileRef = E51E310A1CC0D6E600B45B2E /* AppIcon_76.png */; };
		E51E31401CC0D6E600B45B2E /* AppIcon_76@2x.png in Resources */ = {isa = PBXBuildFile; fileRef = E51E310B1CC0D6E600B45B2E /* AppIcon_76@2x.png */; };
		E51E31411CC0D6E600B45B2E /* AppIcon_29@3x.png in Resources */ = {isa = PBXBuildFile; fileRef = E51E310D1CC0D6E600B45B2E /* AppIcon_29@3x.png */; };
		E51E31421CC0D6E600B45B2E /* bg.jpg in Resources */ = {isa = PBXBuildFile; fileRef = E51E310E1CC0D6E600B45B2E /* bg.jpg */; };
		E51E31431CC0D6E600B45B2E /* box_li1.png in Resources */ = {isa = PBXBuildFile; fileRef = E51E310F1CC0D6E600B45B2E /* box_li1.png */; };
		E51E31441CC0D6E600B45B2E /* box_li2.png in Resources */ = {isa = PBXBuildFile; fileRef = E51E31101CC0D6E600B45B2E /* box_li2.png */; };
		E51E31451CC0D6E600B45B2E /* box_li3.png in Resources */ = {isa = PBXBuildFile; fileRef = E51E31111CC0D6E600B45B2E /* box_li3.png */; };
		E51E31461CC0D6E600B45B2E /* box_li4.png in Resources */ = {isa = PBXBuildFile; fileRef = E51E31121CC0D6E600B45B2E /* box_li4.png */; };
		E51E31471CC0D6E600B45B2E /* btn_blue_1.png in Resources */ = {isa = PBXBuildFile; fileRef = E51E31131CC0D6E600B45B2E /* btn_blue_1.png */; };
		E51E31481CC0D6E600B45B2E /* btn_blue_2.png in Resources */ = {isa = PBXBuildFile; fileRef = E51E31141CC0D6E600B45B2E /* btn_blue_2.png */; };
		E51E31491CC0D6E600B45B2E /* Btn_HighLight.png in Resources */ = {isa = PBXBuildFile; fileRef = E51E31151CC0D6E600B45B2E /* Btn_HighLight.png */; };
		E51E314A1CC0D6E600B45B2E /* btn_orange_1.png in Resources */ = {isa = PBXBuildFile; fileRef = E51E31161CC0D6E600B45B2E /* btn_orange_1.png */; };
		E51E314B1CC0D6E600B45B2E /* btn_orange_2.png in Resources */ = {isa = PBXBuildFile; fileRef = E51E31171CC0D6E600B45B2E /* btn_orange_2.png */; };
		E51E314C1CC0D6E600B45B2E /* btn_poweroff.png in Resources */ = {isa = PBXBuildFile; fileRef = E51E31181CC0D6E600B45B2E /* btn_poweroff.png */; };
		E51E314D1CC0D6E600B45B2E /* btn_poweron.png in Resources */ = {isa = PBXBuildFile; fileRef = E51E31191CC0D6E600B45B2E /* btn_poweron.png */; };
		E51E314E1CC0D6E600B45B2E /* btn_purple_1.png in Resources */ = {isa = PBXBuildFile; fileRef = E51E311A1CC0D6E600B45B2E /* btn_purple_1.png */; };
		E51E314F1CC0D6E600B45B2E /* btn_purple_2.png in Resources */ = {isa = PBXBuildFile; fileRef = E51E311B1CC0D6E600B45B2E /* btn_purple_2.png */; };
		E51E31501CC0D6E600B45B2E /* btn_red_1.png in Resources */ = {isa = PBXBuildFile; fileRef = E51E311C1CC0D6E600B45B2E /* btn_red_1.png */; };
		E51E31511CC0D6E600B45B2E /* btn_red_2.png in Resources */ = {isa = PBXBuildFile; fileRef = E51E311D1CC0D6E600B45B2E /* btn_red_2.png */; };
		E51E31521CC0D6E600B45B2E /* btn_white_1.png in Resources */ = {isa = PBXBuildFile; fileRef = E51E311E1CC0D6E600B45B2E /* btn_white_1.png */; };
		E51E31531CC0D6E600B45B2E /* btn_white_2.png in Resources */ = {isa = PBXBuildFile; fileRef = E51E311F1CC0D6E600B45B2E /* btn_white_2.png */; };
		E51E31541CC0D6E600B45B2E /* btn_yellow_1.png in Resources */ = {isa = PBXBuildFile; fileRef = E51E31201CC0D6E600B45B2E /* btn_yellow_1.png */; };
		E51E31551CC0D6E600B45B2E /* btn_yellow_2.png in Resources */ = {isa = PBXBuildFile; fileRef = E51E31211CC0D6E600B45B2E /* btn_yellow_2.png */; };
		E51E31561CC0D6E600B45B2E /* icon_back.png in Resources */ = {isa = PBXBuildFile; fileRef = E51E31221CC0D6E600B45B2E /* icon_back.png */; };
		E51E31571CC0D6E600B45B2E /* icon_del.png in Resources */ = {isa = PBXBuildFile; fileRef = E51E31231CC0D6E600B45B2E /* icon_del.png */; };
		E51E31581CC0D6E600B45B2E /* icon_gray.png in Resources */ = {isa = PBXBuildFile; fileRef = E51E31241CC0D6E600B45B2E /* icon_gray.png */; };
		E51E31591CC0D6E600B45B2E /* icon_green.png in Resources */ = {isa = PBXBuildFile; fileRef = E51E31251CC0D6E600B45B2E /* icon_green.png */; };
		E51E315A1CC0D6E600B45B2E /* index-title.png in Resources */ = {isa = PBXBuildFile; fileRef = E51E31261CC0D6E600B45B2E /* index-title.png */; };
		E51E315B1CC0D6E600B45B2E /* IsConnected_0.png in Resources */ = {isa = PBXBuildFile; fileRef = E51E31271CC0D6E600B45B2E /* IsConnected_0.png */; };
		E51E315C1CC0D6E600B45B2E /* IsConnected_1.png in Resources */ = {isa = PBXBuildFile; fileRef = E51E31281CC0D6E600B45B2E /* IsConnected_1.png */; };
		E51E315D1CC0D6E600B45B2E /* led-blue.jpg in Resources */ = {isa = PBXBuildFile; fileRef = E51E31291CC0D6E600B45B2E /* led-blue.jpg */; };
		E51E315E1CC0D6E600B45B2E /* led-off.jpg in Resources */ = {isa = PBXBuildFile; fileRef = E51E312A1CC0D6E600B45B2E /* led-off.jpg */; };
		E51E315F1CC0D6E600B45B2E /* led-orange.jpg in Resources */ = {isa = PBXBuildFile; fileRef = E51E312B1CC0D6E600B45B2E /* led-orange.jpg */; };
		E51E31601CC0D6E600B45B2E /* led-purple.jpg in Resources */ = {isa = PBXBuildFile; fileRef = E51E312C1CC0D6E600B45B2E /* led-purple.jpg */; };
		E51E31611CC0D6E600B45B2E /* led-purple.png in Resources */ = {isa = PBXBuildFile; fileRef = E51E312D1CC0D6E600B45B2E /* led-purple.png */; };
		E51E31621CC0D6E600B45B2E /* led-red.jpg in Resources */ = {isa = PBXBuildFile; fileRef = E51E312E1CC0D6E600B45B2E /* led-red.jpg */; };
		E51E31631CC0D6E600B45B2E /* led-title.png in Resources */ = {isa = PBXBuildFile; fileRef = E51E312F1CC0D6E600B45B2E /* led-title.png */; };
		E51E31641CC0D6E600B45B2E /* led-white.jpg in Resources */ = {isa = PBXBuildFile; fileRef = E51E31301CC0D6E600B45B2E /* led-white.jpg */; };
		E51E31651CC0D6E600B45B2E /* led-yellow.jpg in Resources */ = {isa = PBXBuildFile; fileRef = E51E31311CC0D6E600B45B2E /* led-yellow.jpg */; };
		E51E31661CC0D6E600B45B2E /* ledbg.jpg in Resources */ = {isa = PBXBuildFile; fileRef = E51E31321CC0D6E600B45B2E /* ledbg.jpg */; };
		E51E31671CC0D6E600B45B2E /* main.png in Resources */ = {isa = PBXBuildFile; fileRef = E51E31331CC0D6E600B45B2E /* main.png */; };
		E51E31681CC0D6E600B45B2E /* off.png in Resources */ = {isa = PBXBuildFile; fileRef = E51E31341CC0D6E600B45B2E /* off.png */; };
		E51E31691CC0D6E600B45B2E /* on.png in Resources */ = {isa = PBXBuildFile; fileRef = E51E31351CC0D6E600B45B2E /* on.png */; };
		E51E316A1CC0D6E600B45B2E /* root.p12 in Resources */ = {isa = PBXBuildFile; fileRef = E51E31361CC0D6E600B45B2E /* root.p12 */; };
		E5C78F9A1CC8C4BA0077C0C3 /* HttpRequest.m in Sources */ = {isa = PBXBuildFile; fileRef = E5C78F991CC8C4BA0077C0C3 /* HttpRequest.m */; };
		E5CB3A461CC4821A008D0258 /* MBProgressHUD.m in Sources */ = {isa = PBXBuildFile; fileRef = E5CB3A451CC4821A008D0258 /* MBProgressHUD.m */; };
/* End PBXBuildFile section */

/* Begin PBXContainerItemProxy section */
		E51E30BC1CC079CE00B45B2E /* PBXContainerItemProxy */ = {
			isa = PBXContainerItemProxy;
			containerPortal = E51E309A1CC079CD00B45B2E /* Project object */;
			proxyType = 1;
			remoteGlobalIDString = E51E30A11CC079CD00B45B2E;
			remoteInfo = xlinkDemo_oc;
		};
		E51E30C71CC079CE00B45B2E /* PBXContainerItemProxy */ = {
			isa = PBXContainerItemProxy;
			containerPortal = E51E309A1CC079CD00B45B2E /* Project object */;
			proxyType = 1;
			remoteGlobalIDString = E51E30A11CC079CD00B45B2E;
			remoteInfo = xlinkDemo_oc;
		};
/* End PBXContainerItemProxy section */

/* Begin PBXFileReference section */
		E51E30A21CC079CD00B45B2E /* xlinkDemo_oc.app */ = {isa = PBXFileReference; explicitFileType = wrapper.application; includeInIndex = 0; path = xlinkDemo_oc.app; sourceTree = BUILT_PRODUCTS_DIR; };
		E51E30A61CC079CE00B45B2E /* main.m */ = {isa = PBXFileReference; lastKnownFileType = sourcecode.c.objc; path = main.m; sourceTree = "<group>"; };
		E51E30A81CC079CE00B45B2E /* AppDelegate.h */ = {isa = PBXFileReference; lastKnownFileType = sourcecode.c.h; path = AppDelegate.h; sourceTree = "<group>"; };
		E51E30A91CC079CE00B45B2E /* AppDelegate.m */ = {isa = PBXFileReference; lastKnownFileType = sourcecode.c.objc; path = AppDelegate.m; sourceTree = "<group>"; };
		E51E30AB1CC079CE00B45B2E /* ViewController.h */ = {isa = PBXFileReference; lastKnownFileType = sourcecode.c.h; path = ViewController.h; sourceTree = "<group>"; };
		E51E30AC1CC079CE00B45B2E /* ViewController.m */ = {isa = PBXFileReference; lastKnownFileType = sourcecode.c.objc; path = ViewController.m; sourceTree = "<group>"; };
		E51E30B11CC079CE00B45B2E /* Assets.xcassets */ = {isa = PBXFileReference; lastKnownFileType = folder.assetcatalog; path = Assets.xcassets; sourceTree = "<group>"; };
		E51E30B41CC079CE00B45B2E /* Base */ = {isa = PBXFileReference; lastKnownFileType = file.storyboard; name = Base; path = Base.lproj/LaunchScreen.storyboard; sourceTree = "<group>"; };
		E51E30B61CC079CE00B45B2E /* Info.plist */ = {isa = PBXFileReference; lastKnownFileType = text.plist.xml; path = Info.plist; sourceTree = "<group>"; };
		E51E30BB1CC079CE00B45B2E /* xlinkDemo_ocTests.xctest */ = {isa = PBXFileReference; explicitFileType = wrapper.cfbundle; includeInIndex = 0; path = xlinkDemo_ocTests.xctest; sourceTree = BUILT_PRODUCTS_DIR; };
		E51E30BF1CC079CE00B45B2E /* xlinkDemo_ocTests.m */ = {isa = PBXFileReference; lastKnownFileType = sourcecode.c.objc; path = xlinkDemo_ocTests.m; sourceTree = "<group>"; };
		E51E30C11CC079CE00B45B2E /* Info.plist */ = {isa = PBXFileReference; lastKnownFileType = text.plist.xml; path = Info.plist; sourceTree = "<group>"; };
		E51E30C61CC079CE00B45B2E /* xlinkDemo_ocUITests.xctest */ = {isa = PBXFileReference; explicitFileType = wrapper.cfbundle; includeInIndex = 0; path = xlinkDemo_ocUITests.xctest; sourceTree = BUILT_PRODUCTS_DIR; };
		E51E30CA1CC079CE00B45B2E /* xlinkDemo_ocUITests.m */ = {isa = PBXFileReference; lastKnownFileType = sourcecode.c.objc; path = xlinkDemo_ocUITests.m; sourceTree = "<group>"; };
		E51E30CC1CC079CE00B45B2E /* Info.plist */ = {isa = PBXFileReference; lastKnownFileType = text.plist.xml; path = Info.plist; sourceTree = "<group>"; };
		E51E30E71CC0932000B45B2E /* PrefixHeader.pch */ = {isa = PBXFileReference; lastKnownFileType = sourcecode.c.h; path = PrefixHeader.pch; sourceTree = "<group>"; };
		E51E30E91CC0993400B45B2E /* ScanDeviceViewController.h */ = {isa = PBXFileReference; fileEncoding = 4; lastKnownFileType = sourcecode.c.h; path = ScanDeviceViewController.h; sourceTree = "<group>"; };
		E51E30EA1CC0993400B45B2E /* ScanDeviceViewController.m */ = {isa = PBXFileReference; fileEncoding = 4; lastKnownFileType = sourcecode.c.objc; path = ScanDeviceViewController.m; sourceTree = "<group>"; };
		E51E30EC1CC09B7000B45B2E /* Main.storyboard */ = {isa = PBXFileReference; fileEncoding = 4; lastKnownFileType = file.storyboard; path = Main.storyboard; sourceTree = "<group>"; };
		E51E30F11CC0C40200B45B2E /* AboutViewController.h */ = {isa = PBXFileReference; fileEncoding = 4; lastKnownFileType = sourcecode.c.h; path = AboutViewController.h; sourceTree = "<group>"; };
		E51E30F21CC0C40200B45B2E /* AboutViewController.m */ = {isa = PBXFileReference; fileEncoding = 4; lastKnownFileType = sourcecode.c.objc; path = AboutViewController.m; sourceTree = "<group>"; };
		E51E30F41CC0C4EE00B45B2E /* SendAndRecvPacketViewController.h */ = {isa = PBXFileReference; fileEncoding = 4; lastKnownFileType = sourcecode.c.h; path = SendAndRecvPacketViewController.h; sourceTree = "<group>"; };
		E51E30F51CC0C4EE00B45B2E /* SendAndRecvPacketViewController.m */ = {isa = PBXFileReference; fileEncoding = 4; lastKnownFileType = sourcecode.c.objc; path = SendAndRecvPacketViewController.m; sourceTree = "<group>"; };
		E51E30F81CC0C9F200B45B2E /* TextImageBarButtonItem.h */ = {isa = PBXFileReference; fileEncoding = 4; lastKnownFileType = sourcecode.c.h; path = TextImageBarButtonItem.h; sourceTree = "<group>"; };
		E51E30F91CC0C9F200B45B2E /* TextImageBarButtonItem.m */ = {isa = PBXFileReference; fileEncoding = 4; lastKnownFileType = sourcecode.c.objc; path = TextImageBarButtonItem.m; sourceTree = "<group>"; };
		E51E30FB1CC0CAEE00B45B2E /* AddPacketViewController.h */ = {isa = PBXFileReference; fileEncoding = 4; lastKnownFileType = sourcecode.c.h; path = AddPacketViewController.h; sourceTree = "<group>"; };
		E51E30FC1CC0CAEE00B45B2E /* AddPacketViewController.m */ = {isa = PBXFileReference; fileEncoding = 4; lastKnownFileType = sourcecode.c.objc; path = AddPacketViewController.m; sourceTree = "<group>"; };
		E51E30FE1CC0CC0800B45B2E /* PacketLog.h */ = {isa = PBXFileReference; fileEncoding = 4; lastKnownFileType = sourcecode.c.h; path = PacketLog.h; sourceTree = "<group>"; };
		E51E30FF1CC0CC0800B45B2E /* PacketLog.m */ = {isa = PBXFileReference; fileEncoding = 4; lastKnownFileType = sourcecode.c.objc; path = PacketLog.m; sourceTree = "<group>"; };
		E51E31021CC0D6E600B45B2E /* AppIcon_29.png */ = {isa = PBXFileReference; lastKnownFileType = image.png; path = AppIcon_29.png; sourceTree = "<group>"; };
		E51E31031CC0D6E600B45B2E /* AppIcon_29@2x.png */ = {isa = PBXFileReference; lastKnownFileType = image.png; path = "AppIcon_29@2x.png"; sourceTree = "<group>"; };
		E51E31041CC0D6E600B45B2E /* AppIcon_29@3x.png */ = {isa = PBXFileReference; lastKnownFileType = image.png; path = "AppIcon_29@3x.png"; sourceTree = "<group>"; };
		E51E31051CC0D6E600B45B2E /* AppIcon_40.png */ = {isa = PBXFileReference; lastKnownFileType = image.png; path = AppIcon_40.png; sourceTree = "<group>"; };
		E51E31061CC0D6E600B45B2E /* AppIcon_40@2x.png */ = {isa = PBXFileReference; lastKnownFileType = image.png; path = "AppIcon_40@2x.png"; sourceTree = "<group>"; };
		E51E31071CC0D6E600B45B2E /* AppIcon_40@3x.png */ = {isa = PBXFileReference; lastKnownFileType = image.png; path = "AppIcon_40@3x.png"; sourceTree = "<group>"; };
		E51E31081CC0D6E600B45B2E /* AppIcon_60@2x.png */ = {isa = PBXFileReference; lastKnownFileType = image.png; path = "AppIcon_60@2x.png"; sourceTree = "<group>"; };
		E51E31091CC0D6E600B45B2E /* AppIcon_60@3x.png */ = {isa = PBXFileReference; lastKnownFileType = image.png; path = "AppIcon_60@3x.png"; sourceTree = "<group>"; };
		E51E310A1CC0D6E600B45B2E /* AppIcon_76.png */ = {isa = PBXFileReference; lastKnownFileType = image.png; path = AppIcon_76.png; sourceTree = "<group>"; };
		E51E310B1CC0D6E600B45B2E /* AppIcon_76@2x.png */ = {isa = PBXFileReference; lastKnownFileType = image.png; path = "AppIcon_76@2x.png"; sourceTree = "<group>"; };
		E51E310D1CC0D6E600B45B2E /* AppIcon_29@3x.png */ = {isa = PBXFileReference; lastKnownFileType = image.png; path = "AppIcon_29@3x.png"; sourceTree = "<group>"; };
		E51E310E1CC0D6E600B45B2E /* bg.jpg */ = {isa = PBXFileReference; lastKnownFileType = image.jpeg; path = bg.jpg; sourceTree = "<group>"; };
		E51E310F1CC0D6E600B45B2E /* box_li1.png */ = {isa = PBXFileReference; lastKnownFileType = image.png; path = box_li1.png; sourceTree = "<group>"; };
		E51E31101CC0D6E600B45B2E /* box_li2.png */ = {isa = PBXFileReference; lastKnownFileType = image.png; path = box_li2.png; sourceTree = "<group>"; };
		E51E31111CC0D6E600B45B2E /* box_li3.png */ = {isa = PBXFileReference; lastKnownFileType = image.png; path = box_li3.png; sourceTree = "<group>"; };
		E51E31121CC0D6E600B45B2E /* box_li4.png */ = {isa = PBXFileReference; lastKnownFileType = image.png; path = box_li4.png; sourceTree = "<group>"; };
		E51E31131CC0D6E600B45B2E /* btn_blue_1.png */ = {isa = PBXFileReference; lastKnownFileType = image.png; path = btn_blue_1.png; sourceTree = "<group>"; };
		E51E31141CC0D6E600B45B2E /* btn_blue_2.png */ = {isa = PBXFileReference; lastKnownFileType = image.png; path = btn_blue_2.png; sourceTree = "<group>"; };
		E51E31151CC0D6E600B45B2E /* Btn_HighLight.png */ = {isa = PBXFileReference; lastKnownFileType = image.png; path = Btn_HighLight.png; sourceTree = "<group>"; };
		E51E31161CC0D6E600B45B2E /* btn_orange_1.png */ = {isa = PBXFileReference; lastKnownFileType = image.png; path = btn_orange_1.png; sourceTree = "<group>"; };
		E51E31171CC0D6E600B45B2E /* btn_orange_2.png */ = {isa = PBXFileReference; lastKnownFileType = image.png; path = btn_orange_2.png; sourceTree = "<group>"; };
		E51E31181CC0D6E600B45B2E /* btn_poweroff.png */ = {isa = PBXFileReference; lastKnownFileType = image.png; path = btn_poweroff.png; sourceTree = "<group>"; };
		E51E31191CC0D6E600B45B2E /* btn_poweron.png */ = {isa = PBXFileReference; lastKnownFileType = image.png; path = btn_poweron.png; sourceTree = "<group>"; };
		E51E311A1CC0D6E600B45B2E /* btn_purple_1.png */ = {isa = PBXFileReference; lastKnownFileType = image.png; path = btn_purple_1.png; sourceTree = "<group>"; };
		E51E311B1CC0D6E600B45B2E /* btn_purple_2.png */ = {isa = PBXFileReference; lastKnownFileType = image.png; path = btn_purple_2.png; sourceTree = "<group>"; };
		E51E311C1CC0D6E600B45B2E /* btn_red_1.png */ = {isa = PBXFileReference; lastKnownFileType = image.png; path = btn_red_1.png; sourceTree = "<group>"; };
		E51E311D1CC0D6E600B45B2E /* btn_red_2.png */ = {isa = PBXFileReference; lastKnownFileType = image.png; path = btn_red_2.png; sourceTree = "<group>"; };
		E51E311E1CC0D6E600B45B2E /* btn_white_1.png */ = {isa = PBXFileReference; lastKnownFileType = image.png; path = btn_white_1.png; sourceTree = "<group>"; };
		E51E311F1CC0D6E600B45B2E /* btn_white_2.png */ = {isa = PBXFileReference; lastKnownFileType = image.png; path = btn_white_2.png; sourceTree = "<group>"; };
		E51E31201CC0D6E600B45B2E /* btn_yellow_1.png */ = {isa = PBXFileReference; lastKnownFileType = image.png; path = btn_yellow_1.png; sourceTree = "<group>"; };
		E51E31211CC0D6E600B45B2E /* btn_yellow_2.png */ = {isa = PBXFileReference; lastKnownFileType = image.png; path = btn_yellow_2.png; sourceTree = "<group>"; };
		E51E31221CC0D6E600B45B2E /* icon_back.png */ = {isa = PBXFileReference; lastKnownFileType = image.png; path = icon_back.png; sourceTree = "<group>"; };
		E51E31231CC0D6E600B45B2E /* icon_del.png */ = {isa = PBXFileReference; lastKnownFileType = image.png; path = icon_del.png; sourceTree = "<group>"; };
		E51E31241CC0D6E600B45B2E /* icon_gray.png */ = {isa = PBXFileReference; lastKnownFileType = image.png; path = icon_gray.png; sourceTree = "<group>"; };
		E51E31251CC0D6E600B45B2E /* icon_green.png */ = {isa = PBXFileReference; lastKnownFileType = image.png; path = icon_green.png; sourceTree = "<group>"; };
		E51E31261CC0D6E600B45B2E /* index-title.png */ = {isa = PBXFileReference; lastKnownFileType = image.png; path = "index-title.png"; sourceTree = "<group>"; };
		E51E31271CC0D6E600B45B2E /* IsConnected_0.png */ = {isa = PBXFileReference; lastKnownFileType = image.png; path = IsConnected_0.png; sourceTree = "<group>"; };
		E51E31281CC0D6E600B45B2E /* IsConnected_1.png */ = {isa = PBXFileReference; lastKnownFileType = image.png; path = IsConnected_1.png; sourceTree = "<group>"; };
		E51E31291CC0D6E600B45B2E /* led-blue.jpg */ = {isa = PBXFileReference; lastKnownFileType = image.jpeg; path = "led-blue.jpg"; sourceTree = "<group>"; };
		E51E312A1CC0D6E600B45B2E /* led-off.jpg */ = {isa = PBXFileReference; lastKnownFileType = image.jpeg; path = "led-off.jpg"; sourceTree = "<group>"; };
		E51E312B1CC0D6E600B45B2E /* led-orange.jpg */ = {isa = PBXFileReference; lastKnownFileType = image.jpeg; path = "led-orange.jpg"; sourceTree = "<group>"; };
		E51E312C1CC0D6E600B45B2E /* led-purple.jpg */ = {isa = PBXFileReference; lastKnownFileType = image.jpeg; path = "led-purple.jpg"; sourceTree = "<group>"; };
		E51E312D1CC0D6E600B45B2E /* led-purple.png */ = {isa = PBXFileReference; lastKnownFileType = image.png; path = "led-purple.png"; sourceTree = "<group>"; };
		E51E312E1CC0D6E600B45B2E /* led-red.jpg */ = {isa = PBXFileReference; lastKnownFileType = image.jpeg; path = "led-red.jpg"; sourceTree = "<group>"; };
		E51E312F1CC0D6E600B45B2E /* led-title.png */ = {isa = PBXFileReference; lastKnownFileType = image.png; path = "led-title.png"; sourceTree = "<group>"; };
		E51E31301CC0D6E600B45B2E /* led-white.jpg */ = {isa = PBXFileReference; lastKnownFileType = image.jpeg; path = "led-white.jpg"; sourceTree = "<group>"; };
		E51E31311CC0D6E600B45B2E /* led-yellow.jpg */ = {isa = PBXFileReference; lastKnownFileType = image.jpeg; path = "led-yellow.jpg"; sourceTree = "<group>"; };
		E51E31321CC0D6E600B45B2E /* ledbg.jpg */ = {isa = PBXFileReference; lastKnownFileType = image.jpeg; path = ledbg.jpg; sourceTree = "<group>"; };
		E51E31331CC0D6E600B45B2E /* main.png */ = {isa = PBXFileReference; lastKnownFileType = image.png; path = main.png; sourceTree = "<group>"; };
		E51E31341CC0D6E600B45B2E /* off.png */ = {isa = PBXFileReference; lastKnownFileType = image.png; path = off.png; sourceTree = "<group>"; };
		E51E31351CC0D6E600B45B2E /* on.png */ = {isa = PBXFileReference; lastKnownFileType = image.png; path = on.png; sourceTree = "<group>"; };
		E51E31361CC0D6E600B45B2E /* root.p12 */ = {isa = PBXFileReference; lastKnownFileType = file; path = root.p12; sourceTree = "<group>"; };
		E5C78F981CC8C4BA0077C0C3 /* HttpRequest.h */ = {isa = PBXFileReference; fileEncoding = 4; lastKnownFileType = sourcecode.c.h; path = HttpRequest.h; sourceTree = "<group>"; };
		E5C78F991CC8C4BA0077C0C3 /* HttpRequest.m */ = {isa = PBXFileReference; fileEncoding = 4; lastKnownFileType = sourcecode.c.objc; path = HttpRequest.m; sourceTree = "<group>"; };
		E5CB3A441CC4821A008D0258 /* MBProgressHUD.h */ = {isa = PBXFileReference; fileEncoding = 4; lastKnownFileType = sourcecode.c.h; path = MBProgressHUD.h; sourceTree = "<group>"; };
		E5CB3A451CC4821A008D0258 /* MBProgressHUD.m */ = {isa = PBXFileReference; fileEncoding = 4; lastKnownFileType = sourcecode.c.objc; path = MBProgressHUD.m; sourceTree = "<group>"; };
/* End PBXFileReference section */

/* Begin PBXFrameworksBuildPhase section */
		E51E309F1CC079CD00B45B2E /* Frameworks */ = {
			isa = PBXFrameworksBuildPhase;
			buildActionMask = 2147483647;
			files = (
			);
			runOnlyForDeploymentPostprocessing = 0;
		};
		E51E30B81CC079CE00B45B2E /* Frameworks */ = {
			isa = PBXFrameworksBuildPhase;
			buildActionMask = 2147483647;
			files = (
			);
			runOnlyForDeploymentPostprocessing = 0;
		};
		E51E30C31CC079CE00B45B2E /* Frameworks */ = {
			isa = PBXFrameworksBuildPhase;
			buildActionMask = 2147483647;
			files = (
			);
			runOnlyForDeploymentPostprocessing = 0;
		};
/* End PBXFrameworksBuildPhase section */

/* Begin PBXGroup section */
		E51E30991CC079CD00B45B2E = {
			isa = PBXGroup;
			children = (
				E51E30A41CC079CD00B45B2E /* xlinkDemo_oc */,
				E51E30BE1CC079CE00B45B2E /* xlinkDemo_ocTests */,
				E51E30C91CC079CE00B45B2E /* xlinkDemo_ocUITests */,
				E51E30A31CC079CD00B45B2E /* Products */,
			);
			sourceTree = "<group>";
		};
		E51E30A31CC079CD00B45B2E /* Products */ = {
			isa = PBXGroup;
			children = (
				E51E30A21CC079CD00B45B2E /* xlinkDemo_oc.app */,
				E51E30BB1CC079CE00B45B2E /* xlinkDemo_ocTests.xctest */,
				E51E30C61CC079CE00B45B2E /* xlinkDemo_ocUITests.xctest */,
			);
			name = Products;
			sourceTree = "<group>";
		};
		E51E30A41CC079CD00B45B2E /* xlinkDemo_oc */ = {
			isa = PBXGroup;
			children = (
				E5C78F971CC8C4BA0077C0C3 /* HttpRequest */,
				E51E30A81CC079CE00B45B2E /* AppDelegate.h */,
				E51E30A91CC079CE00B45B2E /* AppDelegate.m */,
				E51E30AB1CC079CE00B45B2E /* ViewController.h */,
				E51E30AC1CC079CE00B45B2E /* ViewController.m */,
				E51E30E91CC0993400B45B2E /* ScanDeviceViewController.h */,
				E51E30EA1CC0993400B45B2E /* ScanDeviceViewController.m */,
				E51E30F41CC0C4EE00B45B2E /* SendAndRecvPacketViewController.h */,
				E51E30F51CC0C4EE00B45B2E /* SendAndRecvPacketViewController.m */,
				E51E30FB1CC0CAEE00B45B2E /* AddPacketViewController.h */,
				E51E30FC1CC0CAEE00B45B2E /* AddPacketViewController.m */,
				E51E30F11CC0C40200B45B2E /* AboutViewController.h */,
				E51E30F21CC0C40200B45B2E /* AboutViewController.m */,
				E51E30FE1CC0CC0800B45B2E /* PacketLog.h */,
				E51E30FF1CC0CC0800B45B2E /* PacketLog.m */,
				E51E30F81CC0C9F200B45B2E /* TextImageBarButtonItem.h */,
				E51E30F91CC0C9F200B45B2E /* TextImageBarButtonItem.m */,
				E51E30B11CC079CE00B45B2E /* Assets.xcassets */,
				E51E30EC1CC09B7000B45B2E /* Main.storyboard */,
				E51E30B31CC079CE00B45B2E /* LaunchScreen.storyboard */,
				E5CB3A431CC4821A008D0258 /* MBProgressHUD */,
				E51E31011CC0D6E600B45B2E /* resource */,
				E51E30A51CC079CD00B45B2E /* Supporting Files */,
			);
			path = xlinkDemo_oc;
			sourceTree = "<group>";
		};
		E51E30A51CC079CD00B45B2E /* Supporting Files */ = {
			isa = PBXGroup;
			children = (
				E51E30B61CC079CE00B45B2E /* Info.plist */,
				E51E30E71CC0932000B45B2E /* PrefixHeader.pch */,
				E51E30A61CC079CE00B45B2E /* main.m */,
			);
			name = "Supporting Files";
			sourceTree = "<group>";
		};
		E51E30BE1CC079CE00B45B2E /* xlinkDemo_ocTests */ = {
			isa = PBXGroup;
			children = (
				E51E30BF1CC079CE00B45B2E /* xlinkDemo_ocTests.m */,
				E51E30C11CC079CE00B45B2E /* Info.plist */,
			);
			path = xlinkDemo_ocTests;
			sourceTree = "<group>";
		};
		E51E30C91CC079CE00B45B2E /* xlinkDemo_ocUITests */ = {
			isa = PBXGroup;
			children = (
				E51E30CA1CC079CE00B45B2E /* xlinkDemo_ocUITests.m */,
				E51E30CC1CC079CE00B45B2E /* Info.plist */,
			);
			path = xlinkDemo_ocUITests;
			sourceTree = "<group>";
		};
		E51E31011CC0D6E600B45B2E /* resource */ = {
			isa = PBXGroup;
			children = (
				E51E31021CC0D6E600B45B2E /* AppIcon_29.png */,
				E51E31031CC0D6E600B45B2E /* AppIcon_29@2x.png */,
				E51E31041CC0D6E600B45B2E /* AppIcon_29@3x.png */,
				E51E31051CC0D6E600B45B2E /* AppIcon_40.png */,
				E51E31061CC0D6E600B45B2E /* AppIcon_40@2x.png */,
				E51E31071CC0D6E600B45B2E /* AppIcon_40@3x.png */,
				E51E31081CC0D6E600B45B2E /* AppIcon_60@2x.png */,
				E51E31091CC0D6E600B45B2E /* AppIcon_60@3x.png */,
				E51E310A1CC0D6E600B45B2E /* AppIcon_76.png */,
				E51E310B1CC0D6E600B45B2E /* AppIcon_76@2x.png */,
				E51E310C1CC0D6E600B45B2E /* images */,
				E51E31361CC0D6E600B45B2E /* root.p12 */,
			);
			path = resource;
			sourceTree = "<group>";
		};
		E51E310C1CC0D6E600B45B2E /* images */ = {
			isa = PBXGroup;
			children = (
				E51E310D1CC0D6E600B45B2E /* AppIcon_29@3x.png */,
				E51E310E1CC0D6E600B45B2E /* bg.jpg */,
				E51E310F1CC0D6E600B45B2E /* box_li1.png */,
				E51E31101CC0D6E600B45B2E /* box_li2.png */,
				E51E31111CC0D6E600B45B2E /* box_li3.png */,
				E51E31121CC0D6E600B45B2E /* box_li4.png */,
				E51E31131CC0D6E600B45B2E /* btn_blue_1.png */,
				E51E31141CC0D6E600B45B2E /* btn_blue_2.png */,
				E51E31151CC0D6E600B45B2E /* Btn_HighLight.png */,
				E51E31161CC0D6E600B45B2E /* btn_orange_1.png */,
				E51E31171CC0D6E600B45B2E /* btn_orange_2.png */,
				E51E31181CC0D6E600B45B2E /* btn_poweroff.png */,
				E51E31191CC0D6E600B45B2E /* btn_poweron.png */,
				E51E311A1CC0D6E600B45B2E /* btn_purple_1.png */,
				E51E311B1CC0D6E600B45B2E /* btn_purple_2.png */,
				E51E311C1CC0D6E600B45B2E /* btn_red_1.png */,
				E51E311D1CC0D6E600B45B2E /* btn_red_2.png */,
				E51E311E1CC0D6E600B45B2E /* btn_white_1.png */,
				E51E311F1CC0D6E600B45B2E /* btn_white_2.png */,
				E51E31201CC0D6E600B45B2E /* btn_yellow_1.png */,
				E51E31211CC0D6E600B45B2E /* btn_yellow_2.png */,
				E51E31221CC0D6E600B45B2E /* icon_back.png */,
				E51E31231CC0D6E600B45B2E /* icon_del.png */,
				E51E31241CC0D6E600B45B2E /* icon_gray.png */,
				E51E31251CC0D6E600B45B2E /* icon_green.png */,
				E51E31261CC0D6E600B45B2E /* index-title.png */,
				E51E31271CC0D6E600B45B2E /* IsConnected_0.png */,
				E51E31281CC0D6E600B45B2E /* IsConnected_1.png */,
				E51E31291CC0D6E600B45B2E /* led-blue.jpg */,
				E51E312A1CC0D6E600B45B2E /* led-off.jpg */,
				E51E312B1CC0D6E600B45B2E /* led-orange.jpg */,
				E51E312C1CC0D6E600B45B2E /* led-purple.jpg */,
				E51E312D1CC0D6E600B45B2E /* led-purple.png */,
				E51E312E1CC0D6E600B45B2E /* led-red.jpg */,
				E51E312F1CC0D6E600B45B2E /* led-title.png */,
				E51E31301CC0D6E600B45B2E /* led-white.jpg */,
				E51E31311CC0D6E600B45B2E /* led-yellow.jpg */,
				E51E31321CC0D6E600B45B2E /* ledbg.jpg */,
				E51E31331CC0D6E600B45B2E /* main.png */,
				E51E31341CC0D6E600B45B2E /* off.png */,
				E51E31351CC0D6E600B45B2E /* on.png */,
			);
			path = images;
			sourceTree = "<group>";
		};
		E5C78F971CC8C4BA0077C0C3 /* HttpRequest */ = {
			isa = PBXGroup;
			children = (
				E5C78F981CC8C4BA0077C0C3 /* HttpRequest.h */,
				E5C78F991CC8C4BA0077C0C3 /* HttpRequest.m */,
			);
			name = HttpRequest;
			path = ../../HttpRequest;
			sourceTree = "<group>";
		};
		E5CB3A431CC4821A008D0258 /* MBProgressHUD */ = {
			isa = PBXGroup;
			children = (
				E5CB3A441CC4821A008D0258 /* MBProgressHUD.h */,
				E5CB3A451CC4821A008D0258 /* MBProgressHUD.m */,
			);
			path = MBProgressHUD;
			sourceTree = "<group>";
		};
/* End PBXGroup section */

/* Begin PBXNativeTarget section */
		E51E30A11CC079CD00B45B2E /* xlinkDemo_oc */ = {
			isa = PBXNativeTarget;
			buildConfigurationList = E51E30CF1CC079CE00B45B2E /* Build configuration list for PBXNativeTarget "xlinkDemo_oc" */;
			buildPhases = (
				E51E309E1CC079CD00B45B2E /* Sources */,
				E51E309F1CC079CD00B45B2E /* Frameworks */,
				E51E30A01CC079CD00B45B2E /* Resources */,
			);
			buildRules = (
			);
			dependencies = (
			);
			name = xlinkDemo_oc;
			productName = xlinkDemo_oc;
			productReference = E51E30A21CC079CD00B45B2E /* xlinkDemo_oc.app */;
			productType = "com.apple.product-type.application";
		};
		E51E30BA1CC079CE00B45B2E /* xlinkDemo_ocTests */ = {
			isa = PBXNativeTarget;
			buildConfigurationList = E51E30D21CC079CE00B45B2E /* Build configuration list for PBXNativeTarget "xlinkDemo_ocTests" */;
			buildPhases = (
				E51E30B71CC079CE00B45B2E /* Sources */,
				E51E30B81CC079CE00B45B2E /* Frameworks */,
				E51E30B91CC079CE00B45B2E /* Resources */,
			);
			buildRules = (
			);
			dependencies = (
				E51E30BD1CC079CE00B45B2E /* PBXTargetDependency */,
			);
			name = xlinkDemo_ocTests;
			productName = xlinkDemo_ocTests;
			productReference = E51E30BB1CC079CE00B45B2E /* xlinkDemo_ocTests.xctest */;
			productType = "com.apple.product-type.bundle.unit-test";
		};
		E51E30C51CC079CE00B45B2E /* xlinkDemo_ocUITests */ = {
			isa = PBXNativeTarget;
			buildConfigurationList = E51E30D51CC079CE00B45B2E /* Build configuration list for PBXNativeTarget "xlinkDemo_ocUITests" */;
			buildPhases = (
				E51E30C21CC079CE00B45B2E /* Sources */,
				E51E30C31CC079CE00B45B2E /* Frameworks */,
				E51E30C41CC079CE00B45B2E /* Resources */,
			);
			buildRules = (
			);
			dependencies = (
				E51E30C81CC079CE00B45B2E /* PBXTargetDependency */,
			);
			name = xlinkDemo_ocUITests;
			productName = xlinkDemo_ocUITests;
			productReference = E51E30C61CC079CE00B45B2E /* xlinkDemo_ocUITests.xctest */;
			productType = "com.apple.product-type.bundle.ui-testing";
		};
/* End PBXNativeTarget section */

/* Begin PBXProject section */
		E51E309A1CC079CD00B45B2E /* Project object */ = {
			isa = PBXProject;
			attributes = {
				LastUpgradeCheck = 0730;
				ORGANIZATIONNAME = xlink;
				TargetAttributes = {
					E51E30A11CC079CD00B45B2E = {
						CreatedOnToolsVersion = 7.3;
						DevelopmentTeam = B84CZ4YJHC;
					};
					E51E30BA1CC079CE00B45B2E = {
						CreatedOnToolsVersion = 7.3;
						TestTargetID = E51E30A11CC079CD00B45B2E;
					};
					E51E30C51CC079CE00B45B2E = {
						CreatedOnToolsVersion = 7.3;
						TestTargetID = E51E30A11CC079CD00B45B2E;
					};
				};
			};
			buildConfigurationList = E51E309D1CC079CD00B45B2E /* Build configuration list for PBXProject "xlinkDemo_oc" */;
			compatibilityVersion = "Xcode 3.2";
			developmentRegion = English;
			hasScannedForEncodings = 0;
			knownRegions = (
				en,
				Base,
			);
			mainGroup = E51E30991CC079CD00B45B2E;
			productRefGroup = E51E30A31CC079CD00B45B2E /* Products */;
			projectDirPath = "";
			projectRoot = "";
			targets = (
				E51E30A11CC079CD00B45B2E /* xlinkDemo_oc */,
				E51E30BA1CC079CE00B45B2E /* xlinkDemo_ocTests */,
				E51E30C51CC079CE00B45B2E /* xlinkDemo_ocUITests */,
			);
		};
/* End PBXProject section */

/* Begin PBXResourcesBuildPhase section */
		E51E30A01CC079CD00B45B2E /* Resources */ = {
			isa = PBXResourcesBuildPhase;
			buildActionMask = 2147483647;
			files = (
				E51E314A1CC0D6E600B45B2E /* btn_orange_1.png in Resources */,
				E51E316A1CC0D6E600B45B2E /* root.p12 in Resources */,
				E51E31641CC0D6E600B45B2E /* led-white.jpg in Resources */,
				E51E31441CC0D6E600B45B2E /* box_li2.png in Resources */,
				E51E30ED1CC09B7000B45B2E /* Main.storyboard in Resources */,
				E51E314E1CC0D6E600B45B2E /* btn_purple_1.png in Resources */,
				E51E31591CC0D6E600B45B2E /* icon_green.png in Resources */,
				E51E31451CC0D6E600B45B2E /* box_li3.png in Resources */,
				E51E313C1CC0D6E600B45B2E /* AppIcon_40@3x.png in Resources */,
				E51E31401CC0D6E600B45B2E /* AppIcon_76@2x.png in Resources */,
				E51E31541CC0D6E600B45B2E /* btn_yellow_1.png in Resources */,
				E51E31371CC0D6E600B45B2E /* AppIcon_29.png in Resources */,
				E51E315B1CC0D6E600B45B2E /* IsConnected_0.png in Resources */,
				E51E31481CC0D6E600B45B2E /* btn_blue_2.png in Resources */,
				E51E313F1CC0D6E600B45B2E /* AppIcon_76.png in Resources */,
				E51E31611CC0D6E600B45B2E /* led-purple.png in Resources */,
				E51E313D1CC0D6E600B45B2E /* AppIcon_60@2x.png in Resources */,
				E51E313A1CC0D6E600B45B2E /* AppIcon_40.png in Resources */,
				E51E313B1CC0D6E600B45B2E /* AppIcon_40@2x.png in Resources */,
				E51E30B51CC079CE00B45B2E /* LaunchScreen.storyboard in Resources */,
				E51E31501CC0D6E600B45B2E /* btn_red_1.png in Resources */,
				E51E31691CC0D6E600B45B2E /* on.png in Resources */,
				E51E31661CC0D6E600B45B2E /* ledbg.jpg in Resources */,
				E51E314D1CC0D6E600B45B2E /* btn_poweron.png in Resources */,
				E51E315E1CC0D6E600B45B2E /* led-off.jpg in Resources */,
				E51E30B21CC079CE00B45B2E /* Assets.xcassets in Resources */,
				E51E31621CC0D6E600B45B2E /* led-red.jpg in Resources */,
				E51E31421CC0D6E600B45B2E /* bg.jpg in Resources */,
				E51E31461CC0D6E600B45B2E /* box_li4.png in Resources */,
				E51E31581CC0D6E600B45B2E /* icon_gray.png in Resources */,
				E51E314C1CC0D6E600B45B2E /* btn_poweroff.png in Resources */,
				E51E31491CC0D6E600B45B2E /* Btn_HighLight.png in Resources */,
				E51E31381CC0D6E600B45B2E /* AppIcon_29@2x.png in Resources */,
				E51E31431CC0D6E600B45B2E /* box_li1.png in Resources */,
				E51E31671CC0D6E600B45B2E /* main.png in Resources */,
				E51E31531CC0D6E600B45B2E /* btn_white_2.png in Resources */,
				E51E315A1CC0D6E600B45B2E /* index-title.png in Resources */,
				E51E315C1CC0D6E600B45B2E /* IsConnected_1.png in Resources */,
				E51E31551CC0D6E600B45B2E /* btn_yellow_2.png in Resources */,
				E51E314B1CC0D6E600B45B2E /* btn_orange_2.png in Resources */,
				E51E31681CC0D6E600B45B2E /* off.png in Resources */,
				E51E31471CC0D6E600B45B2E /* btn_blue_1.png in Resources */,
				E51E31631CC0D6E600B45B2E /* led-title.png in Resources */,
				E51E31571CC0D6E600B45B2E /* icon_del.png in Resources */,
				E51E31561CC0D6E600B45B2E /* icon_back.png in Resources */,
				E51E315D1CC0D6E600B45B2E /* led-blue.jpg in Resources */,
				E51E31601CC0D6E600B45B2E /* led-purple.jpg in Resources */,
				E51E313E1CC0D6E600B45B2E /* AppIcon_60@3x.png in Resources */,
				E51E31391CC0D6E600B45B2E /* AppIcon_29@3x.png in Resources */,
				E51E315F1CC0D6E600B45B2E /* led-orange.jpg in Resources */,
				E51E31521CC0D6E600B45B2E /* btn_white_1.png in Resources */,
				E51E31511CC0D6E600B45B2E /* btn_red_2.png in Resources */,
				E51E31411CC0D6E600B45B2E /* AppIcon_29@3x.png in Resources */,
				E51E314F1CC0D6E600B45B2E /* btn_purple_2.png in Resources */,
				E51E31651CC0D6E600B45B2E /* led-yellow.jpg in Resources */,
			);
			runOnlyForDeploymentPostprocessing = 0;
		};
		E51E30B91CC079CE00B45B2E /* Resources */ = {
			isa = PBXResourcesBuildPhase;
			buildActionMask = 2147483647;
			files = (
			);
			runOnlyForDeploymentPostprocessing = 0;
		};
		E51E30C41CC079CE00B45B2E /* Resources */ = {
			isa = PBXResourcesBuildPhase;
			buildActionMask = 2147483647;
			files = (
			);
			runOnlyForDeploymentPostprocessing = 0;
		};
/* End PBXResourcesBuildPhase section */

/* Begin PBXSourcesBuildPhase section */
		E51E309E1CC079CD00B45B2E /* Sources */ = {
			isa = PBXSourcesBuildPhase;
			buildActionMask = 2147483647;
			files = (
				E51E30AD1CC079CE00B45B2E /* ViewController.m in Sources */,
				E51E30EB1CC0993400B45B2E /* ScanDeviceViewController.m in Sources */,
				E51E30F61CC0C4EE00B45B2E /* SendAndRecvPacketViewController.m in Sources */,
				E5C78F9A1CC8C4BA0077C0C3 /* HttpRequest.m in Sources */,
				E51E30FA1CC0C9F200B45B2E /* TextImageBarButtonItem.m in Sources */,
				E5CB3A461CC4821A008D0258 /* MBProgressHUD.m in Sources */,
				E51E30F31CC0C40200B45B2E /* AboutViewController.m in Sources */,
				E51E30AA1CC079CE00B45B2E /* AppDelegate.m in Sources */,
				E51E30FD1CC0CAEE00B45B2E /* AddPacketViewController.m in Sources */,
				E51E31001CC0CC0800B45B2E /* PacketLog.m in Sources */,
				E51E30A71CC079CE00B45B2E /* main.m in Sources */,
			);
			runOnlyForDeploymentPostprocessing = 0;
		};
		E51E30B71CC079CE00B45B2E /* Sources */ = {
			isa = PBXSourcesBuildPhase;
			buildActionMask = 2147483647;
			files = (
				E51E30C01CC079CE00B45B2E /* xlinkDemo_ocTests.m in Sources */,
			);
			runOnlyForDeploymentPostprocessing = 0;
		};
		E51E30C21CC079CE00B45B2E /* Sources */ = {
			isa = PBXSourcesBuildPhase;
			buildActionMask = 2147483647;
			files = (
				E51E30CB1CC079CE00B45B2E /* xlinkDemo_ocUITests.m in Sources */,
			);
			runOnlyForDeploymentPostprocessing = 0;
		};
/* End PBXSourcesBuildPhase section */

/* Begin PBXTargetDependency section */
		E51E30BD1CC079CE00B45B2E /* PBXTargetDependency */ = {
			isa = PBXTargetDependency;
			target = E51E30A11CC079CD00B45B2E /* xlinkDemo_oc */;
			targetProxy = E51E30BC1CC079CE00B45B2E /* PBXContainerItemProxy */;
		};
		E51E30C81CC079CE00B45B2E /* PBXTargetDependency */ = {
			isa = PBXTargetDependency;
			target = E51E30A11CC079CD00B45B2E /* xlinkDemo_oc */;
			targetProxy = E51E30C71CC079CE00B45B2E /* PBXContainerItemProxy */;
		};
/* End PBXTargetDependency section */

/* Begin PBXVariantGroup section */
		E51E30B31CC079CE00B45B2E /* LaunchScreen.storyboard */ = {
			isa = PBXVariantGroup;
			children = (
				E51E30B41CC079CE00B45B2E /* Base */,
			);
			name = LaunchScreen.storyboard;
			sourceTree = "<group>";
		};
/* End PBXVariantGroup section */

/* Begin XCBuildConfiguration section */
		E51E30CD1CC079CE00B45B2E /* Debug */ = {
			isa = XCBuildConfiguration;
			buildSettings = {
				ALWAYS_SEARCH_USER_PATHS = NO;
				CLANG_ANALYZER_NONNULL = YES;
				CLANG_CXX_LANGUAGE_STANDARD = "gnu++0x";
				CLANG_CXX_LIBRARY = "libc++";
				CLANG_ENABLE_MODULES = YES;
				CLANG_ENABLE_OBJC_ARC = YES;
				CLANG_WARN_BOOL_CONVERSION = YES;
				CLANG_WARN_CONSTANT_CONVERSION = YES;
				CLANG_WARN_DIRECT_OBJC_ISA_USAGE = YES_ERROR;
				CLANG_WARN_EMPTY_BODY = YES;
				CLANG_WARN_ENUM_CONVERSION = YES;
				CLANG_WARN_INT_CONVERSION = YES;
				CLANG_WARN_OBJC_ROOT_CLASS = YES_ERROR;
				CLANG_WARN_UNREACHABLE_CODE = YES;
				CLANG_WARN__DUPLICATE_METHOD_MATCH = YES;
				"CODE_SIGN_IDENTITY[sdk=iphoneos*]" = "iPhone Developer";
				COPY_PHASE_STRIP = NO;
				DEBUG_INFORMATION_FORMAT = dwarf;
				ENABLE_STRICT_OBJC_MSGSEND = YES;
				ENABLE_TESTABILITY = YES;
				GCC_C_LANGUAGE_STANDARD = gnu99;
				GCC_DYNAMIC_NO_PIC = NO;
				GCC_NO_COMMON_BLOCKS = YES;
				GCC_OPTIMIZATION_LEVEL = 0;
				GCC_PREPROCESSOR_DEFINITIONS = (
					"DEBUG=1",
					"$(inherited)",
				);
				GCC_WARN_64_TO_32_BIT_CONVERSION = YES;
				GCC_WARN_ABOUT_RETURN_TYPE = YES_ERROR;
				GCC_WARN_UNDECLARED_SELECTOR = YES;
				GCC_WARN_UNINITIALIZED_AUTOS = YES_AGGRESSIVE;
				GCC_WARN_UNUSED_FUNCTION = YES;
				GCC_WARN_UNUSED_VARIABLE = YES;
				IPHONEOS_DEPLOYMENT_TARGET = 9.3;
				MTL_ENABLE_DEBUG_INFO = YES;
				ONLY_ACTIVE_ARCH = YES;
				SDKROOT = iphoneos;
				TARGETED_DEVICE_FAMILY = "1,2";
			};
			name = Debug;
		};
		E51E30CE1CC079CE00B45B2E /* Release */ = {
			isa = XCBuildConfiguration;
			buildSettings = {
				ALWAYS_SEARCH_USER_PATHS = NO;
				CLANG_ANALYZER_NONNULL = YES;
				CLANG_CXX_LANGUAGE_STANDARD = "gnu++0x";
				CLANG_CXX_LIBRARY = "libc++";
				CLANG_ENABLE_MODULES = YES;
				CLANG_ENABLE_OBJC_ARC = YES;
				CLANG_WARN_BOOL_CONVERSION = YES;
				CLANG_WARN_CONSTANT_CONVERSION = YES;
				CLANG_WARN_DIRECT_OBJC_ISA_USAGE = YES_ERROR;
				CLANG_WARN_EMPTY_BODY = YES;
				CLANG_WARN_ENUM_CONVERSION = YES;
				CLANG_WARN_INT_CONVERSION = YES;
				CLANG_WARN_OBJC_ROOT_CLASS = YES_ERROR;
				CLANG_WARN_UNREACHABLE_CODE = YES;
				CLANG_WARN__DUPLICATE_METHOD_MATCH = YES;
				"CODE_SIGN_IDENTITY[sdk=iphoneos*]" = "iPhone Developer";
				COPY_PHASE_STRIP = NO;
				DEBUG_INFORMATION_FORMAT = "dwarf-with-dsym";
				ENABLE_NS_ASSERTIONS = NO;
				ENABLE_STRICT_OBJC_MSGSEND = YES;
				GCC_C_LANGUAGE_STANDARD = gnu99;
				GCC_NO_COMMON_BLOCKS = YES;
				GCC_WARN_64_TO_32_BIT_CONVERSION = YES;
				GCC_WARN_ABOUT_RETURN_TYPE = YES_ERROR;
				GCC_WARN_UNDECLARED_SELECTOR = YES;
				GCC_WARN_UNINITIALIZED_AUTOS = YES_AGGRESSIVE;
				GCC_WARN_UNUSED_FUNCTION = YES;
				GCC_WARN_UNUSED_VARIABLE = YES;
				IPHONEOS_DEPLOYMENT_TARGET = 9.3;
				MTL_ENABLE_DEBUG_INFO = NO;
				SDKROOT = iphoneos;
				TARGETED_DEVICE_FAMILY = "1,2";
				VALIDATE_PRODUCT = YES;
			};
			name = Release;
		};
		E51E30D01CC079CE00B45B2E /* Debug */ = {
			isa = XCBuildConfiguration;
			buildSettings = {
				ASSETCATALOG_COMPILER_APPICON_NAME = AppIcon;
				CODE_SIGN_IDENTITY = "iPhone Developer";
				"CODE_SIGN_IDENTITY[sdk=iphoneos*]" = "iPhone Developer";
				ENABLE_BITCODE = NO;
				GCC_PRECOMPILE_PREFIX_HEADER = YES;
				GCC_PREFIX_HEADER = "$(SRCROOT)/xlinkDemo_oc/PrefixHeader.pch";
				HEADER_SEARCH_PATHS = "\"$(SRCROOT)/../libxlink/include\"";
				INFOPLIST_FILE = xlinkDemo_oc/Info.plist;
				IPHONEOS_DEPLOYMENT_TARGET = 8.0;
				LD_RUNPATH_SEARCH_PATHS = "$(inherited) @executable_path/Frameworks";
				"LIBRARY_SEARCH_PATHS[sdk=iphoneos*]" = "$(SRCROOT)/../libxlink/lib/Debug-iphoneos/";
				"LIBRARY_SEARCH_PATHS[sdk=iphonesimulator*]" = "$(SRCROOT)/../libxlink/lib/Debug-iphonesimulator/";
				OTHER_LDFLAGS = (
					"-l",
					xlinksdklib,
				);
				PRODUCT_BUNDLE_IDENTIFIER = cn.xlink.sdkDemo;
				PRODUCT_NAME = "$(TARGET_NAME)";
				PROVISIONING_PROFILE = "";
			};
			name = Debug;
		};
		E51E30D11CC079CE00B45B2E /* Release */ = {
			isa = XCBuildConfiguration;
			buildSettings = {
				ASSETCATALOG_COMPILER_APPICON_NAME = AppIcon;
				CODE_SIGN_IDENTITY = "iPhone Developer";
				"CODE_SIGN_IDENTITY[sdk=iphoneos*]" = "iPhone Developer";
				ENABLE_BITCODE = NO;
				GCC_PRECOMPILE_PREFIX_HEADER = YES;
				GCC_PREFIX_HEADER = "$(SRCROOT)/xlinkDemo_oc/PrefixHeader.pch";
				HEADER_SEARCH_PATHS = "\"$(SRCROOT)/../libxlink/include\"";
				INFOPLIST_FILE = xlinkDemo_oc/Info.plist;
				IPHONEOS_DEPLOYMENT_TARGET = 8.0;
				LD_RUNPATH_SEARCH_PATHS = "$(inherited) @executable_path/Frameworks";
				"LIBRARY_SEARCH_PATHS[sdk=iphoneos*]" = "$(SRCROOT)/../libxlink/lib/Release-iphoneos/";
				"LIBRARY_SEARCH_PATHS[sdk=iphonesimulator*]" = "$(SRCROOT)/../libxlink/lib/Release-iphonesimulator/";
				OTHER_LDFLAGS = (
					"-l",
					xlinksdklib,
				);
				PRODUCT_BUNDLE_IDENTIFIER = cn.xlink.sdkDemo;
				PRODUCT_NAME = "$(TARGET_NAME)";
				PROVISIONING_PROFILE = "";
			};
			name = Release;
		};
		E51E30D31CC079CE00B45B2E /* Debug */ = {
			isa = XCBuildConfiguration;
			buildSettings = {
				BUNDLE_LOADER = "$(TEST_HOST)";
				INFOPLIST_FILE = xlinkDemo_ocTests/Info.plist;
				LD_RUNPATH_SEARCH_PATHS = "$(inherited) @executable_path/Frameworks @loader_path/Frameworks";
				PRODUCT_BUNDLE_IDENTIFIER = "cn.xlink.xlinkDemo-ocTests";
				PRODUCT_NAME = "$(TARGET_NAME)";
				TEST_HOST = "$(BUILT_PRODUCTS_DIR)/xlinkDemo_oc.app/xlinkDemo_oc";
			};
			name = Debug;
		};
		E51E30D41CC079CE00B45B2E /* Release */ = {
			isa = XCBuildConfiguration;
			buildSettings = {
				BUNDLE_LOADER = "$(TEST_HOST)";
				INFOPLIST_FILE = xlinkDemo_ocTests/Info.plist;
				LD_RUNPATH_SEARCH_PATHS = "$(inherited) @executable_path/Frameworks @loader_path/Frameworks";
				PRODUCT_BUNDLE_IDENTIFIER = "cn.xlink.xlinkDemo-ocTests";
				PRODUCT_NAME = "$(TARGET_NAME)";
				TEST_HOST = "$(BUILT_PRODUCTS_DIR)/xlinkDemo_oc.app/xlinkDemo_oc";
			};
			name = Release;
		};
		E51E30D61CC079CE00B45B2E /* Debug */ = {
			isa = XCBuildConfiguration;
			buildSettings = {
				INFOPLIST_FILE = xlinkDemo_ocUITests/Info.plist;
				LD_RUNPATH_SEARCH_PATHS = "$(inherited) @executable_path/Frameworks @loader_path/Frameworks";
				PRODUCT_BUNDLE_IDENTIFIER = "cn.xlink.xlinkDemo-ocUITests";
				PRODUCT_NAME = "$(TARGET_NAME)";
				TEST_TARGET_NAME = xlinkDemo_oc;
			};
			name = Debug;
		};
		E51E30D71CC079CE00B45B2E /* Release */ = {
			isa = XCBuildConfiguration;
			buildSettings = {
				INFOPLIST_FILE = xlinkDemo_ocUITests/Info.plist;
				LD_RUNPATH_SEARCH_PATHS = "$(inherited) @executable_path/Frameworks @loader_path/Frameworks";
				PRODUCT_BUNDLE_IDENTIFIER = "cn.xlink.xlinkDemo-ocUITests";
				PRODUCT_NAME = "$(TARGET_NAME)";
				TEST_TARGET_NAME = xlinkDemo_oc;
			};
			name = Release;
		};
/* End XCBuildConfiguration section */

/* Begin XCConfigurationList section */
		E51E309D1CC079CD00B45B2E /* Build configuration list for PBXProject "xlinkDemo_oc" */ = {
			isa = XCConfigurationList;
			buildConfigurations = (
				E51E30CD1CC079CE00B45B2E /* Debug */,
				E51E30CE1CC079CE00B45B2E /* Release */,
			);
			defaultConfigurationIsVisible = 0;
			defaultConfigurationName = Release;
		};
		E51E30CF1CC079CE00B45B2E /* Build configuration list for PBXNativeTarget "xlinkDemo_oc" */ = {
			isa = XCConfigurationList;
			buildConfigurations = (
				E51E30D01CC079CE00B45B2E /* Debug */,
				E51E30D11CC079CE00B45B2E /* Release */,
			);
			defaultConfigurationIsVisible = 0;
			defaultConfigurationName = Release;
		};
		E51E30D21CC079CE00B45B2E /* Build configuration list for PBXNativeTarget "xlinkDemo_ocTests" */ = {
			isa = XCConfigurationList;
			buildConfigurations = (
				E51E30D31CC079CE00B45B2E /* Debug */,
				E51E30D41CC079CE00B45B2E /* Release */,
			);
			defaultConfigurationIsVisible = 0;
			defaultConfigurationName = Release;
		};
		E51E30D51CC079CE00B45B2E /* Build configuration list for PBXNativeTarget "xlinkDemo_ocUITests" */ = {
			isa = XCConfigurationList;
			buildConfigurations = (
				E51E30D61CC079CE00B45B2E /* Debug */,
				E51E30D71CC079CE00B45B2E /* Release */,
			);
			defaultConfigurationIsVisible = 0;
			defaultConfigurationName = Release;
		};
/* End XCConfigurationList section */
	};
	rootObject = E51E309A1CC079CD00B45B2E /* Project object */;
}
